
Microsoft Visual Studio Solution File, Format Version 12.00
# Visual Studio Version 17
VisualStudioVersion = 17.14.36121.58
MinimumVisualStudioVersion = 10.0.40219.1
Project("{FAE04EC0-301F-11D3-BF4B-00C04F79EFBC}") = "ClutterAnalysis", "ClutterAnalysis.csproj", "{3A232DF5-23B6-4245-A8EB-C3DB348A66B1}"
EndProject
Global
	GlobalSection(SolutionConfigurationPlatforms) = preSolution
		Debug|Any CPU = Debug|Any CPU
		Debug|x64 = Debug|x64
		Release|Any CPU = Release|Any CPU
		Release|x64 = Release|x64
	EndGlobalSection
	GlobalSection(ProjectConfigurationPlatforms) = postSolution
		{3A232DF5-23B6-4245-A8EB-C3DB348A66B1}.Debug|Any CPU.ActiveCfg = Debug|Any CPU
		{3A232DF5-23B6-4245-A8EB-C3DB348A66B1}.Debug|Any CPU.Build.0 = Debug|Any CPU
		{3A232DF5-23B6-4245-A8EB-C3DB348A66B1}.Debug|x64.ActiveCfg = Debug|x64
		{3A232DF5-23B6-4245-A8EB-C3DB348A66B1}.Debug|x64.Build.0 = Debug|x64
		{3A232DF5-23B6-4245-A8EB-C3DB348A66B1}.Release|Any CPU.ActiveCfg = Release|Any CPU
		{3A232DF5-23B6-4245-A8EB-C3DB348A66B1}.Release|Any CPU.Build.0 = Release|Any CPU
		{3A232DF5-23B6-4245-A8EB-C3DB348A66B1}.Release|x64.ActiveCfg = Release|x64
		{3A232DF5-23B6-4245-A8EB-C3DB348A66B1}.Release|x64.Build.0 = Release|x64
	EndGlobalSection
	GlobalSection(SolutionProperties) = preSolution
		HideSolutionNode = FALSE
	EndGlobalSection
	GlobalSection(ExtensibilityGlobals) = postSolution
		SolutionGuid = {1165ED83-5B0E-4834-B4F9-AAEEAB42F5E0}
	EndGlobalSection
EndGlobal
